
Microsoft Visual Studio Solution File, Format Version 12.00
# Visual Studio Version 17
VisualStudioVersion = 17.1.32319.34
MinimumVisualStudioVersion = 10.0.40219.1
Project("{FAE04EC0-301F-11D3-BF4B-00C04F79EFBC}") = "WpfApp2", "WpfApp2\WpfApp2.csproj", "{256CC586-F35B-449C-8319-B4B5E79F939D}"
EndProject
Global
	GlobalSection(SolutionConfigurationPlatforms) = preSolution
		Debug|Any CPU = Debug|Any CPU
		Release|Any CPU = Release|Any CPU
	EndGlobalSection
	GlobalSection(ProjectConfigurationPlatforms) = postSolution
		{256CC586-F35B-449C-8319-B4B5E79F939D}.Debug|Any CPU.ActiveCfg = Debug|Any CPU
		{256CC586-F35B-449C-8319-B4B5E79F939D}.Debug|Any CPU.Build.0 = Debug|Any CPU
		{256CC586-F35B-449C-8319-B4B5E79F939D}.Release|Any CPU.ActiveCfg = Release|Any CPU
		{256CC586-F35B-449C-8319-B4B5E79F939D}.Release|Any CPU.Build.0 = Release|Any CPU
	EndGlobalSection
	GlobalSection(SolutionProperties) = preSolution
		HideSolutionNode = FALSE
	EndGlobalSection
	GlobalSection(ExtensibilityGlobals) = postSolution
		SolutionGuid = {B0518145-024D-4055-9CC8-EEAC74E055A4}
	EndGlobalSection
EndGlobal
